
Microsoft Visual Studio Solution File, Format Version 12.00
# Visual Studio Version 17
VisualStudioVersion = 17.3.32825.248
MinimumVisualStudioVersion = 10.0.40219.1
Project("{FAE04EC0-301F-11D3-BF4B-00C04F79EFBC}") = "SADBSConveyor", "SADBSConveyor.csproj", "{8A8A1204-D548-4F18-9EF1-009BB0E03857}"
	ProjectSection(ProjectDependencies) = postProject
		{C6372B11-EF14-4772-B9F1-4F562CA9CB30} = {C6372B11-EF14-4772-B9F1-4F562CA9CB30}
	EndProjectSection
EndProject
Project("{FAE04EC0-301F-11D3-BF4B-00C04F79EFBC}") = "SADBSConveyorLib", "..\SADBSConveyorLib\SADBSConveyorLib.csproj", "{753FDFD5-7D90-4CB6-91F4-6CB25087456E}"
EndProject
Project("{FAE04EC0-301F-11D3-BF4B-00C04F79EFBC}") = "SADBSConveyorDevUI", "..\SADBSConveyorDevUI\SADBSConveyorDevUI.csproj", "{18B6BEBC-C801-4EEB-A567-8EB13125B56E}"
EndProject
Project("{2150E333-8FDC-42A3-9474-1A3956D46DE8}") = "Solution Items", "Solution Items", "{5EF8AF9F-D092-4131-8B61-C2DDEC9D4185}"
EndProject
Project("{FAE04EC0-301F-11D3-BF4B-00C04F79EFBC}") = "DMXConverter", "..\..\DMXConverter\DMXConverter\DMXConverter.csproj", "{3D2B5EFB-DA13-4FC1-8D47-38F6993FDBF5}"
EndProject
Project("{FAE04EC0-301F-11D3-BF4B-00C04F79EFBC}") = "CipherMan", "..\..\CipherMan\CipherMan\CipherMan.csproj", "{E7FFD3CB-F959-48EA-BD39-D70825284A00}"
EndProject
Project("{F184B08F-C81C-45F6-A57F-5ABD9991F28F}") = "DMXCommon", "..\..\DMXCommon\DMXCommon.vbproj", "{1FA8C488-2128-4E97-8D15-8C0E98EEEEE9}"
EndProject
Project("{F184B08F-C81C-45F6-A57F-5ABD9991F28F}") = "TransferBoB", "..\..\TransferBoB\TransferBoB.vbproj", "{35B1068A-6C65-41CA-B125-9D6A1D19A927}"
EndProject
Project("{54435603-DBB4-11D2-8724-00A0C9A8B90C}") = "SetupSADBSConveyor", "..\SetupSADBSConveyor\SetupSADBSConveyor.vdproj", "{C029EAFA-C69B-42B2-ACFF-9DF3287006BB}"
EndProject
Project("{FAE04EC0-301F-11D3-BF4B-00C04F79EFBC}") = "SADBSConveyorCSharpLib", "..\SADBSConveyorCSharpLib\SADBSConveyorCSharpLib.csproj", "{C6372B11-EF14-4772-B9F1-4F562CA9CB30}"
	ProjectSection(ProjectDependencies) = postProject
		{753FDFD5-7D90-4CB6-91F4-6CB25087456E} = {753FDFD5-7D90-4CB6-91F4-6CB25087456E}
	EndProjectSection
EndProject
Global
	GlobalSection(SolutionConfigurationPlatforms) = preSolution
		CD_ROM|Any CPU = CD_ROM|Any CPU
		CD_ROM|x64 = CD_ROM|x64
		CD_ROM|x86 = CD_ROM|x86
		Debug|Any CPU = Debug|Any CPU
		Debug|x64 = Debug|x64
		Debug|x86 = Debug|x86
		DVD-5|Any CPU = DVD-5|Any CPU
		DVD-5|x64 = DVD-5|x64
		DVD-5|x86 = DVD-5|x86
		Release|Any CPU = Release|Any CPU
		Release|x64 = Release|x64
		Release|x86 = Release|x86
		SingleImage|Any CPU = SingleImage|Any CPU
		SingleImage|x64 = SingleImage|x64
		SingleImage|x86 = SingleImage|x86
	EndGlobalSection
	GlobalSection(ProjectConfigurationPlatforms) = postSolution
		{8A8A1204-D548-4F18-9EF1-009BB0E03857}.CD_ROM|Any CPU.ActiveCfg = Release|Any CPU
		{8A8A1204-D548-4F18-9EF1-009BB0E03857}.CD_ROM|Any CPU.Build.0 = Release|Any CPU
		{8A8A1204-D548-4F18-9EF1-009BB0E03857}.CD_ROM|x64.ActiveCfg = Debug|Any CPU
		{8A8A1204-D548-4F18-9EF1-009BB0E03857}.CD_ROM|x64.Build.0 = Debug|Any CPU
		{8A8A1204-D548-4F18-9EF1-009BB0E03857}.CD_ROM|x86.ActiveCfg = Release|x86
		{8A8A1204-D548-4F18-9EF1-009BB0E03857}.CD_ROM|x86.Build.0 = Release|x86
		{8A8A1204-D548-4F18-9EF1-009BB0E03857}.Debug|Any CPU.ActiveCfg = Debug|Any CPU
		{8A8A1204-D548-4F18-9EF1-009BB0E03857}.Debug|Any CPU.Build.0 = Debug|Any CPU
		{8A8A1204-D548-4F18-9EF1-009BB0E03857}.Debug|x64.ActiveCfg = Debug|x64
		{8A8A1204-D548-4F18-9EF1-009BB0E03857}.Debug|x64.Build.0 = Debug|x64
		{8A8A1204-D548-4F18-9EF1-009BB0E03857}.Debug|x86.ActiveCfg = Debug|x86
		{8A8A1204-D548-4F18-9EF1-009BB0E03857}.Debug|x86.Build.0 = Debug|x86
		{8A8A1204-D548-4F18-9EF1-009BB0E03857}.DVD-5|Any CPU.ActiveCfg = Debug|Any CPU
		{8A8A1204-D548-4F18-9EF1-009BB0E03857}.DVD-5|Any CPU.Build.0 = Debug|Any CPU
		{8A8A1204-D548-4F18-9EF1-009BB0E03857}.DVD-5|x64.ActiveCfg = Debug|Any CPU
		{8A8A1204-D548-4F18-9EF1-009BB0E03857}.DVD-5|x64.Build.0 = Debug|Any CPU
		{8A8A1204-D548-4F18-9EF1-009BB0E03857}.DVD-5|x86.ActiveCfg = Debug|x86
		{8A8A1204-D548-4F18-9EF1-009BB0E03857}.DVD-5|x86.Build.0 = Debug|x86
		{8A8A1204-D548-4F18-9EF1-009BB0E03857}.Release|Any CPU.ActiveCfg = Release|Any CPU
		{8A8A1204-D548-4F18-9EF1-009BB0E03857}.Release|Any CPU.Build.0 = Release|Any CPU
		{8A8A1204-D548-4F18-9EF1-009BB0E03857}.Release|x64.ActiveCfg = Release|Any CPU
		{8A8A1204-D548-4F18-9EF1-009BB0E03857}.Release|x64.Build.0 = Release|Any CPU
		{8A8A1204-D548-4F18-9EF1-009BB0E03857}.Release|x86.ActiveCfg = Release|x86
		{8A8A1204-D548-4F18-9EF1-009BB0E03857}.Release|x86.Build.0 = Release|x86
		{8A8A1204-D548-4F18-9EF1-009BB0E03857}.SingleImage|Any CPU.ActiveCfg = Release|Any CPU
		{8A8A1204-D548-4F18-9EF1-009BB0E03857}.SingleImage|Any CPU.Build.0 = Release|Any CPU
		{8A8A1204-D548-4F18-9EF1-009BB0E03857}.SingleImage|x64.ActiveCfg = Debug|Any CPU
		{8A8A1204-D548-4F18-9EF1-009BB0E03857}.SingleImage|x64.Build.0 = Debug|Any CPU
		{8A8A1204-D548-4F18-9EF1-009BB0E03857}.SingleImage|x86.ActiveCfg = Release|x86
		{8A8A1204-D548-4F18-9EF1-009BB0E03857}.SingleImage|x86.Build.0 = Release|x86
		{753FDFD5-7D90-4CB6-91F4-6CB25087456E}.CD_ROM|Any CPU.ActiveCfg = Release|Any CPU
		{753FDFD5-7D90-4CB6-91F4-6CB25087456E}.CD_ROM|Any CPU.Build.0 = Release|Any CPU
		{753FDFD5-7D90-4CB6-91F4-6CB25087456E}.CD_ROM|x64.ActiveCfg = Debug|Any CPU
		{753FDFD5-7D90-4CB6-91F4-6CB25087456E}.CD_ROM|x64.Build.0 = Debug|Any CPU
		{753FDFD5-7D90-4CB6-91F4-6CB25087456E}.CD_ROM|x86.ActiveCfg = Release|x86
		{753FDFD5-7D90-4CB6-91F4-6CB25087456E}.CD_ROM|x86.Build.0 = Release|x86
		{753FDFD5-7D90-4CB6-91F4-6CB25087456E}.Debug|Any CPU.ActiveCfg = Debug|Any CPU
		{753FDFD5-7D90-4CB6-91F4-6CB25087456E}.Debug|Any CPU.Build.0 = Debug|Any CPU
		{753FDFD5-7D90-4CB6-91F4-6CB25087456E}.Debug|x64.ActiveCfg = Debug|x64
		{753FDFD5-7D90-4CB6-91F4-6CB25087456E}.Debug|x64.Build.0 = Debug|x64
		{753FDFD5-7D90-4CB6-91F4-6CB25087456E}.Debug|x86.ActiveCfg = Debug|x86
		{753FDFD5-7D90-4CB6-91F4-6CB25087456E}.Debug|x86.Build.0 = Debug|x86
		{753FDFD5-7D90-4CB6-91F4-6CB25087456E}.DVD-5|Any CPU.ActiveCfg = Debug|Any CPU
		{753FDFD5-7D90-4CB6-91F4-6CB25087456E}.DVD-5|Any CPU.Build.0 = Debug|Any CPU
		{753FDFD5-7D90-4CB6-91F4-6CB25087456E}.DVD-5|x64.ActiveCfg = Debug|Any CPU
		{753FDFD5-7D90-4CB6-91F4-6CB25087456E}.DVD-5|x64.Build.0 = Debug|Any CPU
		{753FDFD5-7D90-4CB6-91F4-6CB25087456E}.DVD-5|x86.ActiveCfg = Debug|x86
		{753FDFD5-7D90-4CB6-91F4-6CB25087456E}.DVD-5|x86.Build.0 = Debug|x86
		{753FDFD5-7D90-4CB6-91F4-6CB25087456E}.Release|Any CPU.ActiveCfg = Release|Any CPU
		{753FDFD5-7D90-4CB6-91F4-6CB25087456E}.Release|Any CPU.Build.0 = Release|Any CPU
		{753FDFD5-7D90-4CB6-91F4-6CB25087456E}.Release|x64.ActiveCfg = Release|Any CPU
		{753FDFD5-7D90-4CB6-91F4-6CB25087456E}.Release|x64.Build.0 = Release|Any CPU
		{753FDFD5-7D90-4CB6-91F4-6CB25087456E}.Release|x86.ActiveCfg = Release|x86
		{753FDFD5-7D90-4CB6-91F4-6CB25087456E}.Release|x86.Build.0 = Release|x86
		{753FDFD5-7D90-4CB6-91F4-6CB25087456E}.SingleImage|Any CPU.ActiveCfg = Release|Any CPU
		{753FDFD5-7D90-4CB6-91F4-6CB25087456E}.SingleImage|Any CPU.Build.0 = Release|Any CPU
		{753FDFD5-7D90-4CB6-91F4-6CB25087456E}.SingleImage|x64.ActiveCfg = Debug|Any CPU
		{753FDFD5-7D90-4CB6-91F4-6CB25087456E}.SingleImage|x64.Build.0 = Debug|Any CPU
		{753FDFD5-7D90-4CB6-91F4-6CB25087456E}.SingleImage|x86.ActiveCfg = Release|x86
		{753FDFD5-7D90-4CB6-91F4-6CB25087456E}.SingleImage|x86.Build.0 = Release|x86
		{18B6BEBC-C801-4EEB-A567-8EB13125B56E}.CD_ROM|Any CPU.ActiveCfg = Release|Any CPU
		{18B6BEBC-C801-4EEB-A567-8EB13125B56E}.CD_ROM|Any CPU.Build.0 = Release|Any CPU
		{18B6BEBC-C801-4EEB-A567-8EB13125B56E}.CD_ROM|x64.ActiveCfg = Debug|Any CPU
		{18B6BEBC-C801-4EEB-A567-8EB13125B56E}.CD_ROM|x64.Build.0 = Debug|Any CPU
		{18B6BEBC-C801-4EEB-A567-8EB13125B56E}.CD_ROM|x86.ActiveCfg = Release|Any CPU
		{18B6BEBC-C801-4EEB-A567-8EB13125B56E}.Debug|Any CPU.ActiveCfg = Debug|Any CPU
		{18B6BEBC-C801-4EEB-A567-8EB13125B56E}.Debug|Any CPU.Build.0 = Debug|Any CPU
		{18B6BEBC-C801-4EEB-A567-8EB13125B56E}.Debug|x64.ActiveCfg = Debug|x64
		{18B6BEBC-C801-4EEB-A567-8EB13125B56E}.Debug|x64.Build.0 = Debug|x64
		{18B6BEBC-C801-4EEB-A567-8EB13125B56E}.Debug|x86.ActiveCfg = Debug|x86
		{18B6BEBC-C801-4EEB-A567-8EB13125B56E}.Debug|x86.Build.0 = Debug|x86
		{18B6BEBC-C801-4EEB-A567-8EB13125B56E}.DVD-5|Any CPU.ActiveCfg = Debug|Any CPU
		{18B6BEBC-C801-4EEB-A567-8EB13125B56E}.DVD-5|Any CPU.Build.0 = Debug|Any CPU
		{18B6BEBC-C801-4EEB-A567-8EB13125B56E}.DVD-5|x64.ActiveCfg = Debug|Any CPU
		{18B6BEBC-C801-4EEB-A567-8EB13125B56E}.DVD-5|x64.Build.0 = Debug|Any CPU
		{18B6BEBC-C801-4EEB-A567-8EB13125B56E}.DVD-5|x86.ActiveCfg = Debug|Any CPU
		{18B6BEBC-C801-4EEB-A567-8EB13125B56E}.Release|Any CPU.ActiveCfg = Release|Any CPU
		{18B6BEBC-C801-4EEB-A567-8EB13125B56E}.Release|Any CPU.Build.0 = Release|Any CPU
		{18B6BEBC-C801-4EEB-A567-8EB13125B56E}.Release|x64.ActiveCfg = Release|Any CPU
		{18B6BEBC-C801-4EEB-A567-8EB13125B56E}.Release|x64.Build.0 = Release|Any CPU
		{18B6BEBC-C801-4EEB-A567-8EB13125B56E}.Release|x86.ActiveCfg = Release|x86
		{18B6BEBC-C801-4EEB-A567-8EB13125B56E}.SingleImage|Any CPU.ActiveCfg = Release|Any CPU
		{18B6BEBC-C801-4EEB-A567-8EB13125B56E}.SingleImage|Any CPU.Build.0 = Release|Any CPU
		{18B6BEBC-C801-4EEB-A567-8EB13125B56E}.SingleImage|x64.ActiveCfg = Debug|Any CPU
		{18B6BEBC-C801-4EEB-A567-8EB13125B56E}.SingleImage|x64.Build.0 = Debug|Any CPU
		{18B6BEBC-C801-4EEB-A567-8EB13125B56E}.SingleImage|x86.ActiveCfg = Release|Any CPU
		{3D2B5EFB-DA13-4FC1-8D47-38F6993FDBF5}.CD_ROM|Any CPU.ActiveCfg = Release|Any CPU
		{3D2B5EFB-DA13-4FC1-8D47-38F6993FDBF5}.CD_ROM|Any CPU.Build.0 = Release|Any CPU
		{3D2B5EFB-DA13-4FC1-8D47-38F6993FDBF5}.CD_ROM|x64.ActiveCfg = Release|x64
		{3D2B5EFB-DA13-4FC1-8D47-38F6993FDBF5}.CD_ROM|x64.Build.0 = Release|x64
		{3D2B5EFB-DA13-4FC1-8D47-38F6993FDBF5}.CD_ROM|x86.ActiveCfg = Release|x86
		{3D2B5EFB-DA13-4FC1-8D47-38F6993FDBF5}.CD_ROM|x86.Build.0 = Release|x86
		{3D2B5EFB-DA13-4FC1-8D47-38F6993FDBF5}.Debug|Any CPU.ActiveCfg = Debug|Any CPU
		{3D2B5EFB-DA13-4FC1-8D47-38F6993FDBF5}.Debug|Any CPU.Build.0 = Debug|Any CPU
		{3D2B5EFB-DA13-4FC1-8D47-38F6993FDBF5}.Debug|x64.ActiveCfg = Debug|x64
		{3D2B5EFB-DA13-4FC1-8D47-38F6993FDBF5}.Debug|x64.Build.0 = Debug|x64
		{3D2B5EFB-DA13-4FC1-8D47-38F6993FDBF5}.Debug|x86.ActiveCfg = Debug|x86
		{3D2B5EFB-DA13-4FC1-8D47-38F6993FDBF5}.Debug|x86.Build.0 = Debug|x86
		{3D2B5EFB-DA13-4FC1-8D47-38F6993FDBF5}.DVD-5|Any CPU.ActiveCfg = Debug|Any CPU
		{3D2B5EFB-DA13-4FC1-8D47-38F6993FDBF5}.DVD-5|Any CPU.Build.0 = Debug|Any CPU
		{3D2B5EFB-DA13-4FC1-8D47-38F6993FDBF5}.DVD-5|x64.ActiveCfg = Debug|x64
		{3D2B5EFB-DA13-4FC1-8D47-38F6993FDBF5}.DVD-5|x64.Build.0 = Debug|x64
		{3D2B5EFB-DA13-4FC1-8D47-38F6993FDBF5}.DVD-5|x86.ActiveCfg = Debug|x86
		{3D2B5EFB-DA13-4FC1-8D47-38F6993FDBF5}.DVD-5|x86.Build.0 = Debug|x86
		{3D2B5EFB-DA13-4FC1-8D47-38F6993FDBF5}.Release|Any CPU.ActiveCfg = Release|Any CPU
		{3D2B5EFB-DA13-4FC1-8D47-38F6993FDBF5}.Release|Any CPU.Build.0 = Release|Any CPU
		{3D2B5EFB-DA13-4FC1-8D47-38F6993FDBF5}.Release|x64.ActiveCfg = Release|x64
		{3D2B5EFB-DA13-4FC1-8D47-38F6993FDBF5}.Release|x64.Build.0 = Release|x64
		{3D2B5EFB-DA13-4FC1-8D47-38F6993FDBF5}.Release|x86.ActiveCfg = Release|x86
		{3D2B5EFB-DA13-4FC1-8D47-38F6993FDBF5}.Release|x86.Build.0 = Release|x86
		{3D2B5EFB-DA13-4FC1-8D47-38F6993FDBF5}.SingleImage|Any CPU.ActiveCfg = Release|Any CPU
		{3D2B5EFB-DA13-4FC1-8D47-38F6993FDBF5}.SingleImage|Any CPU.Build.0 = Release|Any CPU
		{3D2B5EFB-DA13-4FC1-8D47-38F6993FDBF5}.SingleImage|x64.ActiveCfg = Release|x64
		{3D2B5EFB-DA13-4FC1-8D47-38F6993FDBF5}.SingleImage|x64.Build.0 = Release|x64
		{3D2B5EFB-DA13-4FC1-8D47-38F6993FDBF5}.SingleImage|x86.ActiveCfg = Release|x86
		{3D2B5EFB-DA13-4FC1-8D47-38F6993FDBF5}.SingleImage|x86.Build.0 = Release|x86
		{E7FFD3CB-F959-48EA-BD39-D70825284A00}.CD_ROM|Any CPU.ActiveCfg = Release|Any CPU
		{E7FFD3CB-F959-48EA-BD39-D70825284A00}.CD_ROM|Any CPU.Build.0 = Release|Any CPU
		{E7FFD3CB-F959-48EA-BD39-D70825284A00}.CD_ROM|x64.ActiveCfg = Release|x64
		{E7FFD3CB-F959-48EA-BD39-D70825284A00}.CD_ROM|x64.Build.0 = Release|x64
		{E7FFD3CB-F959-48EA-BD39-D70825284A00}.CD_ROM|x86.ActiveCfg = Release|x86
		{E7FFD3CB-F959-48EA-BD39-D70825284A00}.CD_ROM|x86.Build.0 = Release|x86
		{E7FFD3CB-F959-48EA-BD39-D70825284A00}.Debug|Any CPU.ActiveCfg = Debug|Any CPU
		{E7FFD3CB-F959-48EA-BD39-D70825284A00}.Debug|Any CPU.Build.0 = Debug|Any CPU
		{E7FFD3CB-F959-48EA-BD39-D70825284A00}.Debug|x64.ActiveCfg = Debug|x64
		{E7FFD3CB-F959-48EA-BD39-D70825284A00}.Debug|x64.Build.0 = Debug|x64
		{E7FFD3CB-F959-48EA-BD39-D70825284A00}.Debug|x86.ActiveCfg = Debug|x86
		{E7FFD3CB-F959-48EA-BD39-D70825284A00}.Debug|x86.Build.0 = Debug|x86
		{E7FFD3CB-F959-48EA-BD39-D70825284A00}.DVD-5|Any CPU.ActiveCfg = Debug|Any CPU
		{E7FFD3CB-F959-48EA-BD39-D70825284A00}.DVD-5|Any CPU.Build.0 = Debug|Any CPU
		{E7FFD3CB-F959-48EA-BD39-D70825284A00}.DVD-5|x64.ActiveCfg = Debug|x64
		{E7FFD3CB-F959-48EA-BD39-D70825284A00}.DVD-5|x64.Build.0 = Debug|x64
		{E7FFD3CB-F959-48EA-BD39-D70825284A00}.DVD-5|x86.ActiveCfg = Debug|x86
		{E7FFD3CB-F959-48EA-BD39-D70825284A00}.DVD-5|x86.Build.0 = Debug|x86
		{E7FFD3CB-F959-48EA-BD39-D70825284A00}.Release|Any CPU.ActiveCfg = Release|Any CPU
		{E7FFD3CB-F959-48EA-BD39-D70825284A00}.Release|Any CPU.Build.0 = Release|Any CPU
		{E7FFD3CB-F959-48EA-BD39-D70825284A00}.Release|x64.ActiveCfg = Release|x64
		{E7FFD3CB-F959-48EA-BD39-D70825284A00}.Release|x64.Build.0 = Release|x64
		{E7FFD3CB-F959-48EA-BD39-D70825284A00}.Release|x86.ActiveCfg = Release|x86
		{E7FFD3CB-F959-48EA-BD39-D70825284A00}.Release|x86.Build.0 = Release|x86
		{E7FFD3CB-F959-48EA-BD39-D70825284A00}.SingleImage|Any CPU.ActiveCfg = Release|Any CPU
		{E7FFD3CB-F959-48EA-BD39-D70825284A00}.SingleImage|Any CPU.Build.0 = Release|Any CPU
		{E7FFD3CB-F959-48EA-BD39-D70825284A00}.SingleImage|x64.ActiveCfg = Release|x64
		{E7FFD3CB-F959-48EA-BD39-D70825284A00}.SingleImage|x64.Build.0 = Release|x64
		{E7FFD3CB-F959-48EA-BD39-D70825284A00}.SingleImage|x86.ActiveCfg = Release|x86
		{E7FFD3CB-F959-48EA-BD39-D70825284A00}.SingleImage|x86.Build.0 = Release|x86
		{1FA8C488-2128-4E97-8D15-8C0E98EEEEE9}.CD_ROM|Any CPU.ActiveCfg = Release|Any CPU
		{1FA8C488-2128-4E97-8D15-8C0E98EEEEE9}.CD_ROM|Any CPU.Build.0 = Release|Any CPU
		{1FA8C488-2128-4E97-8D15-8C0E98EEEEE9}.CD_ROM|x64.ActiveCfg = Release|x64
		{1FA8C488-2128-4E97-8D15-8C0E98EEEEE9}.CD_ROM|x64.Build.0 = Release|x64
		{1FA8C488-2128-4E97-8D15-8C0E98EEEEE9}.CD_ROM|x86.ActiveCfg = Release|x86
		{1FA8C488-2128-4E97-8D15-8C0E98EEEEE9}.CD_ROM|x86.Build.0 = Release|x86
		{1FA8C488-2128-4E97-8D15-8C0E98EEEEE9}.Debug|Any CPU.ActiveCfg = Debug|Any CPU
		{1FA8C488-2128-4E97-8D15-8C0E98EEEEE9}.Debug|Any CPU.Build.0 = Debug|Any CPU
		{1FA8C488-2128-4E97-8D15-8C0E98EEEEE9}.Debug|x64.ActiveCfg = Debug|x64
		{1FA8C488-2128-4E97-8D15-8C0E98EEEEE9}.Debug|x64.Build.0 = Debug|x64
		{1FA8C488-2128-4E97-8D15-8C0E98EEEEE9}.Debug|x86.ActiveCfg = Debug|x86
		{1FA8C488-2128-4E97-8D15-8C0E98EEEEE9}.Debug|x86.Build.0 = Debug|x86
		{1FA8C488-2128-4E97-8D15-8C0E98EEEEE9}.DVD-5|Any CPU.ActiveCfg = Debug|Any CPU
		{1FA8C488-2128-4E97-8D15-8C0E98EEEEE9}.DVD-5|Any CPU.Build.0 = Debug|Any CPU
		{1FA8C488-2128-4E97-8D15-8C0E98EEEEE9}.DVD-5|x64.ActiveCfg = Debug|x64
		{1FA8C488-2128-4E97-8D15-8C0E98EEEEE9}.DVD-5|x64.Build.0 = Debug|x64
		{1FA8C488-2128-4E97-8D15-8C0E98EEEEE9}.DVD-5|x86.ActiveCfg = Debug|x86
		{1FA8C488-2128-4E97-8D15-8C0E98EEEEE9}.DVD-5|x86.Build.0 = Debug|x86
		{1FA8C488-2128-4E97-8D15-8C0E98EEEEE9}.Release|Any CPU.ActiveCfg = Release|Any CPU
		{1FA8C488-2128-4E97-8D15-8C0E98EEEEE9}.Release|Any CPU.Build.0 = Release|Any CPU
		{1FA8C488-2128-4E97-8D15-8C0E98EEEEE9}.Release|x64.ActiveCfg = Release|x64
		{1FA8C488-2128-4E97-8D15-8C0E98EEEEE9}.Release|x64.Build.0 = Release|x64
		{1FA8C488-2128-4E97-8D15-8C0E98EEEEE9}.Release|x86.ActiveCfg = Release|x86
		{1FA8C488-2128-4E97-8D15-8C0E98EEEEE9}.Release|x86.Build.0 = Release|x86
		{1FA8C488-2128-4E97-8D15-8C0E98EEEEE9}.SingleImage|Any CPU.ActiveCfg = Release|Any CPU
		{1FA8C488-2128-4E97-8D15-8C0E98EEEEE9}.SingleImage|Any CPU.Build.0 = Release|Any CPU
		{1FA8C488-2128-4E97-8D15-8C0E98EEEEE9}.SingleImage|x64.ActiveCfg = Release|x64
		{1FA8C488-2128-4E97-8D15-8C0E98EEEEE9}.SingleImage|x64.Build.0 = Release|x64
		{1FA8C488-2128-4E97-8D15-8C0E98EEEEE9}.SingleImage|x86.ActiveCfg = Release|x86
		{1FA8C488-2128-4E97-8D15-8C0E98EEEEE9}.SingleImage|x86.Build.0 = Release|x86
		{35B1068A-6C65-41CA-B125-9D6A1D19A927}.CD_ROM|Any CPU.ActiveCfg = Release|Any CPU
		{35B1068A-6C65-41CA-B125-9D6A1D19A927}.CD_ROM|Any CPU.Build.0 = Release|Any CPU
		{35B1068A-6C65-41CA-B125-9D6A1D19A927}.CD_ROM|x64.ActiveCfg = Release|x64
		{35B1068A-6C65-41CA-B125-9D6A1D19A927}.CD_ROM|x64.Build.0 = Release|x64
		{35B1068A-6C65-41CA-B125-9D6A1D19A927}.CD_ROM|x86.ActiveCfg = Release|x86
		{35B1068A-6C65-41CA-B125-9D6A1D19A927}.CD_ROM|x86.Build.0 = Release|x86
		{35B1068A-6C65-41CA-B125-9D6A1D19A927}.Debug|Any CPU.ActiveCfg = Debug|Any CPU
		{35B1068A-6C65-41CA-B125-9D6A1D19A927}.Debug|Any CPU.Build.0 = Debug|Any CPU
		{35B1068A-6C65-41CA-B125-9D6A1D19A927}.Debug|x64.ActiveCfg = Debug|x64
		{35B1068A-6C65-41CA-B125-9D6A1D19A927}.Debug|x64.Build.0 = Debug|x64
		{35B1068A-6C65-41CA-B125-9D6A1D19A927}.Debug|x86.ActiveCfg = Debug|x86
		{35B1068A-6C65-41CA-B125-9D6A1D19A927}.Debug|x86.Build.0 = Debug|x86
		{35B1068A-6C65-41CA-B125-9D6A1D19A927}.DVD-5|Any CPU.ActiveCfg = Debug|Any CPU
		{35B1068A-6C65-41CA-B125-9D6A1D19A927}.DVD-5|Any CPU.Build.0 = Debug|Any CPU
		{35B1068A-6C65-41CA-B125-9D6A1D19A927}.DVD-5|x64.ActiveCfg = Debug|x64
		{35B1068A-6C65-41CA-B125-9D6A1D19A927}.DVD-5|x64.Build.0 = Debug|x64
		{35B1068A-6C65-41CA-B125-9D6A1D19A927}.DVD-5|x86.ActiveCfg = Debug|x86
		{35B1068A-6C65-41CA-B125-9D6A1D19A927}.DVD-5|x86.Build.0 = Debug|x86
		{35B1068A-6C65-41CA-B125-9D6A1D19A927}.Release|Any CPU.ActiveCfg = Release|Any CPU
		{35B1068A-6C65-41CA-B125-9D6A1D19A927}.Release|Any CPU.Build.0 = Release|Any CPU
		{35B1068A-6C65-41CA-B125-9D6A1D19A927}.Release|x64.ActiveCfg = Release|x64
		{35B1068A-6C65-41CA-B125-9D6A1D19A927}.Release|x64.Build.0 = Release|x64
		{35B1068A-6C65-41CA-B125-9D6A1D19A927}.Release|x86.ActiveCfg = Release|x86
		{35B1068A-6C65-41CA-B125-9D6A1D19A927}.Release|x86.Build.0 = Release|x86
		{35B1068A-6C65-41CA-B125-9D6A1D19A927}.SingleImage|Any CPU.ActiveCfg = Release|Any CPU
		{35B1068A-6C65-41CA-B125-9D6A1D19A927}.SingleImage|Any CPU.Build.0 = Release|Any CPU
		{35B1068A-6C65-41CA-B125-9D6A1D19A927}.SingleImage|x64.ActiveCfg = Release|x64
		{35B1068A-6C65-41CA-B125-9D6A1D19A927}.SingleImage|x64.Build.0 = Release|x64
		{35B1068A-6C65-41CA-B125-9D6A1D19A927}.SingleImage|x86.ActiveCfg = Release|x86
		{35B1068A-6C65-41CA-B125-9D6A1D19A927}.SingleImage|x86.Build.0 = Release|x86
		{C029EAFA-C69B-42B2-ACFF-9DF3287006BB}.CD_ROM|Any CPU.ActiveCfg = Release
		{C029EAFA-C69B-42B2-ACFF-9DF3287006BB}.CD_ROM|x64.ActiveCfg = Release
		{C029EAFA-C69B-42B2-ACFF-9DF3287006BB}.CD_ROM|x86.ActiveCfg = Release
		{C029EAFA-C69B-42B2-ACFF-9DF3287006BB}.Debug|Any CPU.ActiveCfg = Debug
		{C029EAFA-C69B-42B2-ACFF-9DF3287006BB}.Debug|x64.ActiveCfg = Debug
		{C029EAFA-C69B-42B2-ACFF-9DF3287006BB}.Debug|x86.ActiveCfg = Debug
		{C029EAFA-C69B-42B2-ACFF-9DF3287006BB}.DVD-5|Any CPU.ActiveCfg = Debug
		{C029EAFA-C69B-42B2-ACFF-9DF3287006BB}.DVD-5|x64.ActiveCfg = Debug
		{C029EAFA-C69B-42B2-ACFF-9DF3287006BB}.DVD-5|x86.ActiveCfg = Debug
		{C029EAFA-C69B-42B2-ACFF-9DF3287006BB}.Release|Any CPU.ActiveCfg = Release
		{C029EAFA-C69B-42B2-ACFF-9DF3287006BB}.Release|x64.ActiveCfg = Release
		{C029EAFA-C69B-42B2-ACFF-9DF3287006BB}.Release|x86.ActiveCfg = Release
		{C029EAFA-C69B-42B2-ACFF-9DF3287006BB}.Release|x86.Build.0 = Release
		{C029EAFA-C69B-42B2-ACFF-9DF3287006BB}.SingleImage|Any CPU.ActiveCfg = Release
		{C029EAFA-C69B-42B2-ACFF-9DF3287006BB}.SingleImage|x64.ActiveCfg = Release
		{C029EAFA-C69B-42B2-ACFF-9DF3287006BB}.SingleImage|x86.ActiveCfg = Release
		{C6372B11-EF14-4772-B9F1-4F562CA9CB30}.CD_ROM|Any CPU.ActiveCfg = Debug|Any CPU
		{C6372B11-EF14-4772-B9F1-4F562CA9CB30}.CD_ROM|Any CPU.Build.0 = Debug|Any CPU
		{C6372B11-EF14-4772-B9F1-4F562CA9CB30}.CD_ROM|x64.ActiveCfg = Debug|Any CPU
		{C6372B11-EF14-4772-B9F1-4F562CA9CB30}.CD_ROM|x64.Build.0 = Debug|Any CPU
		{C6372B11-EF14-4772-B9F1-4F562CA9CB30}.CD_ROM|x86.ActiveCfg = Debug|Any CPU
		{C6372B11-EF14-4772-B9F1-4F562CA9CB30}.CD_ROM|x86.Build.0 = Debug|Any CPU
		{C6372B11-EF14-4772-B9F1-4F562CA9CB30}.Debug|Any CPU.ActiveCfg = Debug|Any CPU
		{C6372B11-EF14-4772-B9F1-4F562CA9CB30}.Debug|Any CPU.Build.0 = Debug|Any CPU
		{C6372B11-EF14-4772-B9F1-4F562CA9CB30}.Debug|x64.ActiveCfg = Debug|Any CPU
		{C6372B11-EF14-4772-B9F1-4F562CA9CB30}.Debug|x64.Build.0 = Debug|Any CPU
		{C6372B11-EF14-4772-B9F1-4F562CA9CB30}.Debug|x86.ActiveCfg = Debug|Any CPU
		{C6372B11-EF14-4772-B9F1-4F562CA9CB30}.Debug|x86.Build.0 = Debug|Any CPU
		{C6372B11-EF14-4772-B9F1-4F562CA9CB30}.DVD-5|Any CPU.ActiveCfg = Debug|Any CPU
		{C6372B11-EF14-4772-B9F1-4F562CA9CB30}.DVD-5|Any CPU.Build.0 = Debug|Any CPU
		{C6372B11-EF14-4772-B9F1-4F562CA9CB30}.DVD-5|x64.ActiveCfg = Debug|Any CPU
		{C6372B11-EF14-4772-B9F1-4F562CA9CB30}.DVD-5|x64.Build.0 = Debug|Any CPU
		{C6372B11-EF14-4772-B9F1-4F562CA9CB30}.DVD-5|x86.ActiveCfg = Debug|Any CPU
		{C6372B11-EF14-4772-B9F1-4F562CA9CB30}.DVD-5|x86.Build.0 = Debug|Any CPU
		{C6372B11-EF14-4772-B9F1-4F562CA9CB30}.Release|Any CPU.ActiveCfg = Release|Any CPU
		{C6372B11-EF14-4772-B9F1-4F562CA9CB30}.Release|Any CPU.Build.0 = Release|Any CPU
		{C6372B11-EF14-4772-B9F1-4F562CA9CB30}.Release|x64.ActiveCfg = Release|Any CPU
		{C6372B11-EF14-4772-B9F1-4F562CA9CB30}.Release|x64.Build.0 = Release|Any CPU
		{C6372B11-EF14-4772-B9F1-4F562CA9CB30}.Release|x86.ActiveCfg = Release|Any CPU
		{C6372B11-EF14-4772-B9F1-4F562CA9CB30}.Release|x86.Build.0 = Release|Any CPU
		{C6372B11-EF14-4772-B9F1-4F562CA9CB30}.SingleImage|Any CPU.ActiveCfg = Debug|Any CPU
		{C6372B11-EF14-4772-B9F1-4F562CA9CB30}.SingleImage|Any CPU.Build.0 = Debug|Any CPU
		{C6372B11-EF14-4772-B9F1-4F562CA9CB30}.SingleImage|x64.ActiveCfg = Debug|Any CPU
		{C6372B11-EF14-4772-B9F1-4F562CA9CB30}.SingleImage|x64.Build.0 = Debug|Any CPU
		{C6372B11-EF14-4772-B9F1-4F562CA9CB30}.SingleImage|x86.ActiveCfg = Debug|Any CPU
		{C6372B11-EF14-4772-B9F1-4F562CA9CB30}.SingleImage|x86.Build.0 = Debug|Any CPU
	EndGlobalSection
	GlobalSection(SolutionProperties) = preSolution
		HideSolutionNode = FALSE
	EndGlobalSection
	GlobalSection(ExtensibilityGlobals) = postSolution
		SolutionGuid = {E3615615-0FD6-471D-A9BC-BA8BDC86A501}
	EndGlobalSection
EndGlobal
